
Microsoft Visual Studio Solution File, Format Version 12.00
# Visual Studio 15
VisualStudioVersion = 15.0.26430.14
MinimumVisualStudioVersion = 10.0.40219.1
Project("{9A19103F-16F7-4668-BE54-9A1E7A4F7556}") = "WaveChallenge", "WaveChallenge\WaveChallenge.csproj", "{8E59F982-CEB0-4AC8-A4A9-4C64A19BC1D3}"
EndProject
Project("{9A19103F-16F7-4668-BE54-9A1E7A4F7556}") = "ServerSide", "ServerSide\ServerSide.csproj", "{FD6197FB-E3EA-43C2-BD9E-B1AE5A37A72D}"
EndProject
Project("{D954291E-2A0B-460D-934E-DC6B0785DB48}") = "WaveMobile", "WaveMobile\WaveMobile\WaveMobile.shproj", "{6C3B06F6-842D-4625-BD64-F8F4DE9589A1}"
EndProject
Project("{FAE04EC0-301F-11D3-BF4B-00C04F79EFBC}") = "WaveMobile.Android", "WaveMobile\WaveMobile.Android\WaveMobile.Android.csproj", "{27B5EA7F-76EA-45E4-A545-59495C9C56BA}"
EndProject
Global
	GlobalSection(SharedMSBuildProjectFiles) = preSolution
		WaveMobile\WaveMobile\WaveMobile.projitems*{27b5ea7f-76ea-45e4-a545-59495c9c56ba}*SharedItemsImports = 4
		WaveMobile\WaveMobile\WaveMobile.projitems*{6c3b06f6-842d-4625-bd64-f8f4de9589a1}*SharedItemsImports = 13
	EndGlobalSection
	GlobalSection(SolutionConfigurationPlatforms) = preSolution
		Ad-Hoc|Any CPU = Ad-Hoc|Any CPU
		Ad-Hoc|iPhone = Ad-Hoc|iPhone
		Ad-Hoc|iPhoneSimulator = Ad-Hoc|iPhoneSimulator
		AppStore|Any CPU = AppStore|Any CPU
		AppStore|iPhone = AppStore|iPhone
		AppStore|iPhoneSimulator = AppStore|iPhoneSimulator
		Debug|Any CPU = Debug|Any CPU
		Debug|iPhone = Debug|iPhone
		Debug|iPhoneSimulator = Debug|iPhoneSimulator
		Release|Any CPU = Release|Any CPU
		Release|iPhone = Release|iPhone
		Release|iPhoneSimulator = Release|iPhoneSimulator
	EndGlobalSection
	GlobalSection(ProjectConfigurationPlatforms) = postSolution
		{8E59F982-CEB0-4AC8-A4A9-4C64A19BC1D3}.Ad-Hoc|Any CPU.ActiveCfg = Release|Any CPU
		{8E59F982-CEB0-4AC8-A4A9-4C64A19BC1D3}.Ad-Hoc|Any CPU.Build.0 = Release|Any CPU
		{8E59F982-CEB0-4AC8-A4A9-4C64A19BC1D3}.Ad-Hoc|iPhone.ActiveCfg = Release|Any CPU
		{8E59F982-CEB0-4AC8-A4A9-4C64A19BC1D3}.Ad-Hoc|iPhone.Build.0 = Release|Any CPU
		{8E59F982-CEB0-4AC8-A4A9-4C64A19BC1D3}.Ad-Hoc|iPhoneSimulator.ActiveCfg = Release|Any CPU
		{8E59F982-CEB0-4AC8-A4A9-4C64A19BC1D3}.Ad-Hoc|iPhoneSimulator.Build.0 = Release|Any CPU
		{8E59F982-CEB0-4AC8-A4A9-4C64A19BC1D3}.AppStore|Any CPU.ActiveCfg = Release|Any CPU
		{8E59F982-CEB0-4AC8-A4A9-4C64A19BC1D3}.AppStore|Any CPU.Build.0 = Release|Any CPU
		{8E59F982-CEB0-4AC8-A4A9-4C64A19BC1D3}.AppStore|iPhone.ActiveCfg = Release|Any CPU
		{8E59F982-CEB0-4AC8-A4A9-4C64A19BC1D3}.AppStore|iPhone.Build.0 = Release|Any CPU
		{8E59F982-CEB0-4AC8-A4A9-4C64A19BC1D3}.AppStore|iPhoneSimulator.ActiveCfg = Release|Any CPU
		{8E59F982-CEB0-4AC8-A4A9-4C64A19BC1D3}.AppStore|iPhoneSimulator.Build.0 = Release|Any CPU
		{8E59F982-CEB0-4AC8-A4A9-4C64A19BC1D3}.Debug|Any CPU.ActiveCfg = Debug|Any CPU
		{8E59F982-CEB0-4AC8-A4A9-4C64A19BC1D3}.Debug|Any CPU.Build.0 = Debug|Any CPU
		{8E59F982-CEB0-4AC8-A4A9-4C64A19BC1D3}.Debug|iPhone.ActiveCfg = Debug|Any CPU
		{8E59F982-CEB0-4AC8-A4A9-4C64A19BC1D3}.Debug|iPhone.Build.0 = Debug|Any CPU
		{8E59F982-CEB0-4AC8-A4A9-4C64A19BC1D3}.Debug|iPhoneSimulator.ActiveCfg = Debug|Any CPU
		{8E59F982-CEB0-4AC8-A4A9-4C64A19BC1D3}.Debug|iPhoneSimulator.Build.0 = Debug|Any CPU
		{8E59F982-CEB0-4AC8-A4A9-4C64A19BC1D3}.Release|Any CPU.ActiveCfg = Release|Any CPU
		{8E59F982-CEB0-4AC8-A4A9-4C64A19BC1D3}.Release|Any CPU.Build.0 = Release|Any CPU
		{8E59F982-CEB0-4AC8-A4A9-4C64A19BC1D3}.Release|iPhone.ActiveCfg = Release|Any CPU
		{8E59F982-CEB0-4AC8-A4A9-4C64A19BC1D3}.Release|iPhone.Build.0 = Release|Any CPU
		{8E59F982-CEB0-4AC8-A4A9-4C64A19BC1D3}.Release|iPhoneSimulator.ActiveCfg = Release|Any CPU
		{8E59F982-CEB0-4AC8-A4A9-4C64A19BC1D3}.Release|iPhoneSimulator.Build.0 = Release|Any CPU
		{FD6197FB-E3EA-43C2-BD9E-B1AE5A37A72D}.Ad-Hoc|Any CPU.ActiveCfg = Release|Any CPU
		{FD6197FB-E3EA-43C2-BD9E-B1AE5A37A72D}.Ad-Hoc|Any CPU.Build.0 = Release|Any CPU
		{FD6197FB-E3EA-43C2-BD9E-B1AE5A37A72D}.Ad-Hoc|iPhone.ActiveCfg = Release|Any CPU
		{FD6197FB-E3EA-43C2-BD9E-B1AE5A37A72D}.Ad-Hoc|iPhone.Build.0 = Release|Any CPU
		{FD6197FB-E3EA-43C2-BD9E-B1AE5A37A72D}.Ad-Hoc|iPhoneSimulator.ActiveCfg = Release|Any CPU
		{FD6197FB-E3EA-43C2-BD9E-B1AE5A37A72D}.Ad-Hoc|iPhoneSimulator.Build.0 = Release|Any CPU
		{FD6197FB-E3EA-43C2-BD9E-B1AE5A37A72D}.AppStore|Any CPU.ActiveCfg = Release|Any CPU
		{FD6197FB-E3EA-43C2-BD9E-B1AE5A37A72D}.AppStore|Any CPU.Build.0 = Release|Any CPU
		{FD6197FB-E3EA-43C2-BD9E-B1AE5A37A72D}.AppStore|iPhone.ActiveCfg = Release|Any CPU
		{FD6197FB-E3EA-43C2-BD9E-B1AE5A37A72D}.AppStore|iPhone.Build.0 = Release|Any CPU
		{FD6197FB-E3EA-43C2-BD9E-B1AE5A37A72D}.AppStore|iPhoneSimulator.ActiveCfg = Release|Any CPU
		{FD6197FB-E3EA-43C2-BD9E-B1AE5A37A72D}.AppStore|iPhoneSimulator.Build.0 = Release|Any CPU
		{FD6197FB-E3EA-43C2-BD9E-B1AE5A37A72D}.Debug|Any CPU.ActiveCfg = Debug|Any CPU
		{FD6197FB-E3EA-43C2-BD9E-B1AE5A37A72D}.Debug|Any CPU.Build.0 = Debug|Any CPU
		{FD6197FB-E3EA-43C2-BD9E-B1AE5A37A72D}.Debug|iPhone.ActiveCfg = Debug|Any CPU
		{FD6197FB-E3EA-43C2-BD9E-B1AE5A37A72D}.Debug|iPhone.Build.0 = Debug|Any CPU
		{FD6197FB-E3EA-43C2-BD9E-B1AE5A37A72D}.Debug|iPhoneSimulator.ActiveCfg = Debug|Any CPU
		{FD6197FB-E3EA-43C2-BD9E-B1AE5A37A72D}.Debug|iPhoneSimulator.Build.0 = Debug|Any CPU
		{FD6197FB-E3EA-43C2-BD9E-B1AE5A37A72D}.Release|Any CPU.ActiveCfg = Release|Any CPU
		{FD6197FB-E3EA-43C2-BD9E-B1AE5A37A72D}.Release|Any CPU.Build.0 = Release|Any CPU
		{FD6197FB-E3EA-43C2-BD9E-B1AE5A37A72D}.Release|iPhone.ActiveCfg = Release|Any CPU
		{FD6197FB-E3EA-43C2-BD9E-B1AE5A37A72D}.Release|iPhone.Build.0 = Release|Any CPU
		{FD6197FB-E3EA-43C2-BD9E-B1AE5A37A72D}.Release|iPhoneSimulator.ActiveCfg = Release|Any CPU
		{FD6197FB-E3EA-43C2-BD9E-B1AE5A37A72D}.Release|iPhoneSimulator.Build.0 = Release|Any CPU
		{27B5EA7F-76EA-45E4-A545-59495C9C56BA}.Ad-Hoc|Any CPU.ActiveCfg = Release|Any CPU
		{27B5EA7F-76EA-45E4-A545-59495C9C56BA}.Ad-Hoc|Any CPU.Build.0 = Release|Any CPU
		{27B5EA7F-76EA-45E4-A545-59495C9C56BA}.Ad-Hoc|Any CPU.Deploy.0 = Release|Any CPU
		{27B5EA7F-76EA-45E4-A545-59495C9C56BA}.Ad-Hoc|iPhone.ActiveCfg = Release|Any CPU
		{27B5EA7F-76EA-45E4-A545-59495C9C56BA}.Ad-Hoc|iPhone.Build.0 = Release|Any CPU
		{27B5EA7F-76EA-45E4-A545-59495C9C56BA}.Ad-Hoc|iPhone.Deploy.0 = Release|Any CPU
		{27B5EA7F-76EA-45E4-A545-59495C9C56BA}.Ad-Hoc|iPhoneSimulator.ActiveCfg = Release|Any CPU
		{27B5EA7F-76EA-45E4-A545-59495C9C56BA}.Ad-Hoc|iPhoneSimulator.Build.0 = Release|Any CPU
		{27B5EA7F-76EA-45E4-A545-59495C9C56BA}.Ad-Hoc|iPhoneSimulator.Deploy.0 = Release|Any CPU
		{27B5EA7F-76EA-45E4-A545-59495C9C56BA}.AppStore|Any CPU.ActiveCfg = Release|Any CPU
		{27B5EA7F-76EA-45E4-A545-59495C9C56BA}.AppStore|Any CPU.Build.0 = Release|Any CPU
		{27B5EA7F-76EA-45E4-A545-59495C9C56BA}.AppStore|Any CPU.Deploy.0 = Release|Any CPU
		{27B5EA7F-76EA-45E4-A545-59495C9C56BA}.AppStore|iPhone.ActiveCfg = Release|Any CPU
		{27B5EA7F-76EA-45E4-A545-59495C9C56BA}.AppStore|iPhone.Build.0 = Release|Any CPU
		{27B5EA7F-76EA-45E4-A545-59495C9C56BA}.AppStore|iPhone.Deploy.0 = Release|Any CPU
		{27B5EA7F-76EA-45E4-A545-59495C9C56BA}.AppStore|iPhoneSimulator.ActiveCfg = Release|Any CPU
		{27B5EA7F-76EA-45E4-A545-59495C9C56BA}.AppStore|iPhoneSimulator.Build.0 = Release|Any CPU
		{27B5EA7F-76EA-45E4-A545-59495C9C56BA}.AppStore|iPhoneSimulator.Deploy.0 = Release|Any CPU
		{27B5EA7F-76EA-45E4-A545-59495C9C56BA}.Debug|Any CPU.ActiveCfg = Debug|Any CPU
		{27B5EA7F-76EA-45E4-A545-59495C9C56BA}.Debug|Any CPU.Build.0 = Debug|Any CPU
		{27B5EA7F-76EA-45E4-A545-59495C9C56BA}.Debug|Any CPU.Deploy.0 = Debug|Any CPU
		{27B5EA7F-76EA-45E4-A545-59495C9C56BA}.Debug|iPhone.ActiveCfg = Debug|Any CPU
		{27B5EA7F-76EA-45E4-A545-59495C9C56BA}.Debug|iPhone.Build.0 = Debug|Any CPU
		{27B5EA7F-76EA-45E4-A545-59495C9C56BA}.Debug|iPhone.Deploy.0 = Debug|Any CPU
		{27B5EA7F-76EA-45E4-A545-59495C9C56BA}.Debug|iPhoneSimulator.ActiveCfg = Debug|Any CPU
		{27B5EA7F-76EA-45E4-A545-59495C9C56BA}.Debug|iPhoneSimulator.Build.0 = Debug|Any CPU
		{27B5EA7F-76EA-45E4-A545-59495C9C56BA}.Debug|iPhoneSimulator.Deploy.0 = Debug|Any CPU
		{27B5EA7F-76EA-45E4-A545-59495C9C56BA}.Release|Any CPU.ActiveCfg = Release|Any CPU
		{27B5EA7F-76EA-45E4-A545-59495C9C56BA}.Release|Any CPU.Build.0 = Release|Any CPU
		{27B5EA7F-76EA-45E4-A545-59495C9C56BA}.Release|Any CPU.Deploy.0 = Release|Any CPU
		{27B5EA7F-76EA-45E4-A545-59495C9C56BA}.Release|iPhone.ActiveCfg = Release|Any CPU
		{27B5EA7F-76EA-45E4-A545-59495C9C56BA}.Release|iPhone.Build.0 = Release|Any CPU
		{27B5EA7F-76EA-45E4-A545-59495C9C56BA}.Release|iPhone.Deploy.0 = Release|Any CPU
		{27B5EA7F-76EA-45E4-A545-59495C9C56BA}.Release|iPhoneSimulator.ActiveCfg = Release|Any CPU
		{27B5EA7F-76EA-45E4-A545-59495C9C56BA}.Release|iPhoneSimulator.Build.0 = Release|Any CPU
		{27B5EA7F-76EA-45E4-A545-59495C9C56BA}.Release|iPhoneSimulator.Deploy.0 = Release|Any CPU
	EndGlobalSection
	GlobalSection(SolutionProperties) = preSolution
		HideSolutionNode = FALSE
	EndGlobalSection
EndGlobal
